
Microsoft Visual Studio Solution File, Format Version 12.00
# Visual Studio Version 16
VisualStudioVersion = 16.0.29728.190
MinimumVisualStudioVersion = 10.0.40219.1
Project("{FAE04EC0-301F-11D3-BF4B-00C04F79EFBC}") = "DateTimeChecker", "DateTimeChecker\DateTimeChecker.csproj", "{FCD42F22-3AB8-4B08-BEBA-C497F73FA3CB}"
EndProject
Global
	GlobalSection(SolutionConfigurationPlatforms) = preSolution
		Debug|Any CPU = Debug|Any CPU
		Release|Any CPU = Release|Any CPU
	EndGlobalSection
	GlobalSection(ProjectConfigurationPlatforms) = postSolution
		{FCD42F22-3AB8-4B08-BEBA-C497F73FA3CB}.Debug|Any CPU.ActiveCfg = Debug|Any CPU
		{FCD42F22-3AB8-4B08-BEBA-C497F73FA3CB}.Debug|Any CPU.Build.0 = Debug|Any CPU
		{FCD42F22-3AB8-4B08-BEBA-C497F73FA3CB}.Release|Any CPU.ActiveCfg = Release|Any CPU
		{FCD42F22-3AB8-4B08-BEBA-C497F73FA3CB}.Release|Any CPU.Build.0 = Release|Any CPU
	EndGlobalSection
	GlobalSection(SolutionProperties) = preSolution
		HideSolutionNode = FALSE
	EndGlobalSection
	GlobalSection(ExtensibilityGlobals) = postSolution
		SolutionGuid = {C2CD648C-666D-450C-B14B-061E752330A8}
	EndGlobalSection
EndGlobal
